
Microsoft Visual Studio Solution File, Format Version 12.00
# Visual Studio Version 17
VisualStudioVersion = 17.0.31903.59
MinimumVisualStudioVersion = 10.0.40219.1
Project("{2150E333-8FDC-42A3-9474-1A3956D46DE8}") = "src", "src", "{99F09EF3-EFE4-4355-8499-309A07FA1CD7}"
EndProject
Project("{2150E333-8FDC-42A3-9474-1A3956D46DE8}") = "api", "api", "{F0ABAE54-8C61-4F4F-81FD-79F83DC3800A}"
EndProject
Project("{9A19103F-16F7-4668-BE54-9A1E7A4F7556}") = "TechNews.Core.Api", "src\api\TechNews.Core.Api\TechNews.Core.Api.csproj", "{F17EE5B3-2FE9-4611-A7AF-6886D7F6B293}"
EndProject
Project("{9A19103F-16F7-4668-BE54-9A1E7A4F7556}") = "TechNews.Auth.Api", "src\api\TechNews.Auth.Api\TechNews.Auth.Api.csproj", "{8BE6D2B0-491D-4163-9EF1-F54371B1A442}"
EndProject
Project("{2150E333-8FDC-42A3-9474-1A3956D46DE8}") = "web", "web", "{F3F3F319-52E4-474D-BE36-1A920E880262}"
EndProject
Project("{9A19103F-16F7-4668-BE54-9A1E7A4F7556}") = "TechNews.Web", "src\web\TechNews.Web\TechNews.Web.csproj", "{59158D4C-E9DE-4B4C-8B06-0619F01717F2}"
EndProject
Project("{2150E333-8FDC-42A3-9474-1A3956D46DE8}") = "shared", "shared", "{135F58D3-5690-417F-A20B-ECD106B212A8}"
EndProject
Project("{9A19103F-16F7-4668-BE54-9A1E7A4F7556}") = "TechNews.Common.Library", "src\shared\TechNews.Common.Library\TechNews.Common.Library.csproj", "{0205AF86-1AEA-4414-A4D5-51DE7EEBC0D3}"
EndProject
Project("{2150E333-8FDC-42A3-9474-1A3956D46DE8}") = "tests", "tests", "{B13517E0-0D56-4773-B295-A1870C392F2D}"
EndProject
Project("{2150E333-8FDC-42A3-9474-1A3956D46DE8}") = "unit", "unit", "{532E4F0C-F708-460B-A336-6154B0E1BE0A}"
EndProject
Project("{2150E333-8FDC-42A3-9474-1A3956D46DE8}") = "user-interface", "user-interface", "{12AF6F30-6688-458E-BC39-A50CE10DCFD9}"
EndProject
Project("{9A19103F-16F7-4668-BE54-9A1E7A4F7556}") = "TechNews.Auth.Api.Tests", "tests\unit\TechNews.Auth.Api.Tests\TechNews.Auth.Api.Tests.csproj", "{07342BA7-0D14-41EF-8F51-ADB9F1BB2168}"
EndProject
Project("{9A19103F-16F7-4668-BE54-9A1E7A4F7556}") = "TechNews.Core.Api.Tests", "tests\unit\TechNews.Core.Api.Tests\TechNews.Core.Api.Tests.csproj", "{863C0629-C7D0-4A95-957E-D55F52DADC35}"
EndProject
Project("{9A19103F-16F7-4668-BE54-9A1E7A4F7556}") = "TechNews.UI.Tests", "tests\user-interface\TechNews.UI.Tests\TechNews.UI.Tests.csproj", "{5E5B354B-DA19-48D7-979B-090B3AED58EB}"
EndProject
Project("{2150E333-8FDC-42A3-9474-1A3956D46DE8}") = "integration", "integration", "{0889293B-5565-42EA-8A53-9BAFADD9BBF8}"
EndProject
Project("{FAE04EC0-301F-11D3-BF4B-00C04F79EFBC}") = "TechNews.Auth.Api.IntegrationTests", "tests\integration\TechNews.Auth.Api.IntegrationTests\TechNews.Auth.Api.IntegrationTests.csproj", "{711B4F02-7D53-42DC-8A67-23C87007BBB2}"
EndProject
Project("{FAE04EC0-301F-11D3-BF4B-00C04F79EFBC}") = "TechNews.Core.Api.IntegrationTests", "tests\integration\TechNews.Core.Api.IntegrationTests\TechNews.Core.Api.IntegrationTests.csproj", "{B9430392-147C-4D50-ADDD-AE3A1C8EE93F}"
EndProject
Global
	GlobalSection(SolutionConfigurationPlatforms) = preSolution
		Debug|Any CPU = Debug|Any CPU
		Release|Any CPU = Release|Any CPU
	EndGlobalSection
	GlobalSection(ProjectConfigurationPlatforms) = postSolution
		{F17EE5B3-2FE9-4611-A7AF-6886D7F6B293}.Debug|Any CPU.ActiveCfg = Debug|Any CPU
		{F17EE5B3-2FE9-4611-A7AF-6886D7F6B293}.Debug|Any CPU.Build.0 = Debug|Any CPU
		{F17EE5B3-2FE9-4611-A7AF-6886D7F6B293}.Release|Any CPU.ActiveCfg = Release|Any CPU
		{F17EE5B3-2FE9-4611-A7AF-6886D7F6B293}.Release|Any CPU.Build.0 = Release|Any CPU
		{8BE6D2B0-491D-4163-9EF1-F54371B1A442}.Debug|Any CPU.ActiveCfg = Debug|Any CPU
		{8BE6D2B0-491D-4163-9EF1-F54371B1A442}.Debug|Any CPU.Build.0 = Debug|Any CPU
		{8BE6D2B0-491D-4163-9EF1-F54371B1A442}.Release|Any CPU.ActiveCfg = Release|Any CPU
		{8BE6D2B0-491D-4163-9EF1-F54371B1A442}.Release|Any CPU.Build.0 = Release|Any CPU
		{59158D4C-E9DE-4B4C-8B06-0619F01717F2}.Debug|Any CPU.ActiveCfg = Debug|Any CPU
		{59158D4C-E9DE-4B4C-8B06-0619F01717F2}.Debug|Any CPU.Build.0 = Debug|Any CPU
		{59158D4C-E9DE-4B4C-8B06-0619F01717F2}.Release|Any CPU.ActiveCfg = Release|Any CPU
		{59158D4C-E9DE-4B4C-8B06-0619F01717F2}.Release|Any CPU.Build.0 = Release|Any CPU
		{0205AF86-1AEA-4414-A4D5-51DE7EEBC0D3}.Debug|Any CPU.ActiveCfg = Debug|Any CPU
		{0205AF86-1AEA-4414-A4D5-51DE7EEBC0D3}.Debug|Any CPU.Build.0 = Debug|Any CPU
		{0205AF86-1AEA-4414-A4D5-51DE7EEBC0D3}.Release|Any CPU.ActiveCfg = Release|Any CPU
		{0205AF86-1AEA-4414-A4D5-51DE7EEBC0D3}.Release|Any CPU.Build.0 = Release|Any CPU
		{07342BA7-0D14-41EF-8F51-ADB9F1BB2168}.Debug|Any CPU.ActiveCfg = Debug|Any CPU
		{07342BA7-0D14-41EF-8F51-ADB9F1BB2168}.Debug|Any CPU.Build.0 = Debug|Any CPU
		{07342BA7-0D14-41EF-8F51-ADB9F1BB2168}.Release|Any CPU.ActiveCfg = Release|Any CPU
		{07342BA7-0D14-41EF-8F51-ADB9F1BB2168}.Release|Any CPU.Build.0 = Release|Any CPU
		{863C0629-C7D0-4A95-957E-D55F52DADC35}.Debug|Any CPU.ActiveCfg = Debug|Any CPU
		{863C0629-C7D0-4A95-957E-D55F52DADC35}.Debug|Any CPU.Build.0 = Debug|Any CPU
		{863C0629-C7D0-4A95-957E-D55F52DADC35}.Release|Any CPU.ActiveCfg = Release|Any CPU
		{863C0629-C7D0-4A95-957E-D55F52DADC35}.Release|Any CPU.Build.0 = Release|Any CPU
		{5E5B354B-DA19-48D7-979B-090B3AED58EB}.Debug|Any CPU.ActiveCfg = Debug|Any CPU
		{5E5B354B-DA19-48D7-979B-090B3AED58EB}.Debug|Any CPU.Build.0 = Debug|Any CPU
		{5E5B354B-DA19-48D7-979B-090B3AED58EB}.Release|Any CPU.ActiveCfg = Release|Any CPU
		{5E5B354B-DA19-48D7-979B-090B3AED58EB}.Release|Any CPU.Build.0 = Release|Any CPU
		{711B4F02-7D53-42DC-8A67-23C87007BBB2}.Debug|Any CPU.ActiveCfg = Debug|Any CPU
		{711B4F02-7D53-42DC-8A67-23C87007BBB2}.Debug|Any CPU.Build.0 = Debug|Any CPU
		{711B4F02-7D53-42DC-8A67-23C87007BBB2}.Release|Any CPU.ActiveCfg = Release|Any CPU
		{711B4F02-7D53-42DC-8A67-23C87007BBB2}.Release|Any CPU.Build.0 = Release|Any CPU
		{B9430392-147C-4D50-ADDD-AE3A1C8EE93F}.Debug|Any CPU.ActiveCfg = Debug|Any CPU
		{B9430392-147C-4D50-ADDD-AE3A1C8EE93F}.Debug|Any CPU.Build.0 = Debug|Any CPU
		{B9430392-147C-4D50-ADDD-AE3A1C8EE93F}.Release|Any CPU.ActiveCfg = Release|Any CPU
		{B9430392-147C-4D50-ADDD-AE3A1C8EE93F}.Release|Any CPU.Build.0 = Release|Any CPU
	EndGlobalSection
	GlobalSection(SolutionProperties) = preSolution
		HideSolutionNode = FALSE
	EndGlobalSection
	GlobalSection(NestedProjects) = preSolution
		{F0ABAE54-8C61-4F4F-81FD-79F83DC3800A} = {99F09EF3-EFE4-4355-8499-309A07FA1CD7}
		{F17EE5B3-2FE9-4611-A7AF-6886D7F6B293} = {F0ABAE54-8C61-4F4F-81FD-79F83DC3800A}
		{8BE6D2B0-491D-4163-9EF1-F54371B1A442} = {F0ABAE54-8C61-4F4F-81FD-79F83DC3800A}
		{F3F3F319-52E4-474D-BE36-1A920E880262} = {99F09EF3-EFE4-4355-8499-309A07FA1CD7}
		{59158D4C-E9DE-4B4C-8B06-0619F01717F2} = {F3F3F319-52E4-474D-BE36-1A920E880262}
		{135F58D3-5690-417F-A20B-ECD106B212A8} = {99F09EF3-EFE4-4355-8499-309A07FA1CD7}
		{0205AF86-1AEA-4414-A4D5-51DE7EEBC0D3} = {135F58D3-5690-417F-A20B-ECD106B212A8}
		{532E4F0C-F708-460B-A336-6154B0E1BE0A} = {B13517E0-0D56-4773-B295-A1870C392F2D}
		{12AF6F30-6688-458E-BC39-A50CE10DCFD9} = {B13517E0-0D56-4773-B295-A1870C392F2D}
		{07342BA7-0D14-41EF-8F51-ADB9F1BB2168} = {532E4F0C-F708-460B-A336-6154B0E1BE0A}
		{863C0629-C7D0-4A95-957E-D55F52DADC35} = {532E4F0C-F708-460B-A336-6154B0E1BE0A}
		{5E5B354B-DA19-48D7-979B-090B3AED58EB} = {12AF6F30-6688-458E-BC39-A50CE10DCFD9}
		{0889293B-5565-42EA-8A53-9BAFADD9BBF8} = {B13517E0-0D56-4773-B295-A1870C392F2D}
		{711B4F02-7D53-42DC-8A67-23C87007BBB2} = {0889293B-5565-42EA-8A53-9BAFADD9BBF8}
		{B9430392-147C-4D50-ADDD-AE3A1C8EE93F} = {0889293B-5565-42EA-8A53-9BAFADD9BBF8}
	EndGlobalSection
	GlobalSection(ExtensibilityGlobals) = postSolution
		SolutionGuid = {1904BB76-12DE-4DD8-BA2C-4A8D2566F470}
	EndGlobalSection
EndGlobal
